// !$*UTF8*$!
{
	archiveVersion = 1;
	classes = {
	};
	objectVersion = 56;
	objects = {

/* Begin PBXBuildFile section */
		B84E09BA2CABF1D700D159CF /* NewTestProjectApp.swift in Sources */ = {isa = PBXBuildFile; fileRef = B84E09B92CABF1D700D159CF /* NewTestProjectApp.swift */; };
		B84E09BC2CABF1D700D159CF /* ContentView.swift in Sources */ = {isa = PBXBuildFile; fileRef = B84E09BB2CABF1D700D159CF /* ContentView.swift */; };
		B84E09BE2CABF1DB00D159CF /* Assets.xcassets in Resources */ = {isa = PBXBuildFile; fileRef = B84E09BD2CABF1DB00D159CF /* Assets.xcassets */; };
		B84E09C12CABF1DB00D159CF /* Preview Assets.xcassets in Resources */ = {isa = PBXBuildFile; fileRef = B84E09C02CABF1DB00D159CF /* Preview Assets.xcassets */; };
		B84E09CB2CABF1DC00D159CF /* NewTestProjectTests.swift in Sources */ = {isa = PBXBuildFile; fileRef = B84E09CA2CABF1DC00D159CF /* NewTestProjectTests.swift */; };
		B84E09D52CABF1DC00D159CF /* NewTestProjectUITests.swift in Sources */ = {isa = PBXBuildFile; fileRef = B84E09D42CABF1DC00D159CF /* NewTestProjectUITests.swift */; };
		B84E09D72CABF1DC00D159CF /* NewTestProjectUITestsLaunchTests.swift in Sources */ = {isa = PBXBuildFile; fileRef = B84E09D62CABF1DC00D159CF /* NewTestProjectUITestsLaunchTests.swift */; };
/* End PBXBuildFile section */

/* Begin PBXContainerItemProxy section */
		B84E09C72CABF1DC00D159CF /* PBXContainerItemProxy */ = {
			isa = PBXContainerItemProxy;
			containerPortal = B84E09AE2CABF1D700D159CF /* Project object */;
			proxyType = 1;
			remoteGlobalIDString = B84E09B52CABF1D700D159CF;
			remoteInfo = NewTestProject;
		};
		B84E09D12CABF1DC00D159CF /* PBXContainerItemProxy */ = {
			isa = PBXContainerItemProxy;
			containerPortal = B84E09AE2CABF1D700D159CF /* Project object */;
			proxyType = 1;
			remoteGlobalIDString = B84E09B52CABF1D700D159CF;
			remoteInfo = NewTestProject;
		};
/* End PBXContainerItemProxy section */

/* Begin PBXFileReference section */
		B84E09B62CABF1D700D159CF /* NewTestProject.app */ = {isa = PBXFileReference; explicitFileType = wrapper.application; includeInIndex = 0; path = NewTestProject.app; sourceTree = BUILT_PRODUCTS_DIR; };
		B84E09B92CABF1D700D159CF /* NewTestProjectApp.swift */ = {isa = PBXFileReference; lastKnownFileType = sourcecode.swift; path = NewTestProjectApp.swift; sourceTree = "<group>"; };
		B84E09BB2CABF1D700D159CF /* ContentView.swift */ = {isa = PBXFileReference; lastKnownFileType = sourcecode.swift; path = ContentView.swift; sourceTree = "<group>"; };
		B84E09BD2CABF1DB00D159CF /* Assets.xcassets */ = {isa = PBXFileReference; lastKnownFileType = folder.assetcatalog; path = Assets.xcassets; sourceTree = "<group>"; };
		B84E09C02CABF1DB00D159CF /* Preview Assets.xcassets */ = {isa = PBXFileReference; lastKnownFileType = folder.assetcatalog; path = "Preview Assets.xcassets"; sourceTree = "<group>"; };
		B84E09C62CABF1DC00D159CF /* NewTestProjectTests.xctest */ = {isa = PBXFileReference; explicitFileType = wrapper.cfbundle; includeInIndex = 0; path = NewTestProjectTests.xctest; sourceTree = BUILT_PRODUCTS_DIR; };
		B84E09CA2CABF1DC00D159CF /* NewTestProjectTests.swift */ = {isa = PBXFileReference; lastKnownFileType = sourcecode.swift; path = NewTestProjectTests.swift; sourceTree = "<group>"; };
		B84E09D02CABF1DC00D159CF /* NewTestProjectUITests.xctest */ = {isa = PBXFileReference; explicitFileType = wrapper.cfbundle; includeInIndex = 0; path = NewTestProjectUITests.xctest; sourceTree = BUILT_PRODUCTS_DIR; };
		B84E09D42CABF1DC00D159CF /* NewTestProjectUITests.swift */ = {isa = PBXFileReference; lastKnownFileType = sourcecode.swift; path = NewTestProjectUITests.swift; sourceTree = "<group>"; };
		B84E09D62CABF1DC00D159CF /* NewTestProjectUITestsLaunchTests.swift */ = {isa = PBXFileReference; lastKnownFileType = sourcecode.swift; path = NewTestProjectUITestsLaunchTests.swift; sourceTree = "<group>"; };
/* End PBXFileReference section */

/* Begin PBXFrameworksBuildPhase section */
		B84E09B32CABF1D700D159CF /* Frameworks */ = {
			isa = PBXFrameworksBuildPhase;
			buildActionMask = 2147483647;
			files = (
			);
			runOnlyForDeploymentPostprocessing = 0;
		};
		B84E09C32CABF1DC00D159CF /* Frameworks */ = {
			isa = PBXFrameworksBuildPhase;
			buildActionMask = 2147483647;
			files = (
			);
			runOnlyForDeploymentPostprocessing = 0;
		};
		B84E09CD2CABF1DC00D159CF /* Frameworks */ = {
			isa = PBXFrameworksBuildPhase;
			buildActionMask = 2147483647;
			files = (
			);
			runOnlyForDeploymentPostprocessing = 0;
		};
/* End PBXFrameworksBuildPhase section */

/* Begin PBXGroup section */
		B84E09AD2CABF1D700D159CF = {
			isa = PBXGroup;
			children = (
				B84E09B82CABF1D700D159CF /* NewTestProject */,
				B84E09C92CABF1DC00D159CF /* NewTestProjectTests */,
				B84E09D32CABF1DC00D159CF /* NewTestProjectUITests */,
				B84E09B72CABF1D700D159CF /* Products */,
			);
			sourceTree = "<group>";
		};
		B84E09B72CABF1D700D159CF /* Products */ = {
			isa = PBXGroup;
			children = (
				B84E09B62CABF1D700D159CF /* NewTestProject.app */,
				B84E09C62CABF1DC00D159CF /* NewTestProjectTests.xctest */,
				B84E09D02CABF1DC00D159CF /* NewTestProjectUITests.xctest */,
			);
			name = Products;
			sourceTree = "<group>";
		};
		B84E09B82CABF1D700D159CF /* NewTestProject */ = {
			isa = PBXGroup;
			children = (
				B84E09B92CABF1D700D159CF /* NewTestProjectApp.swift */,
				B84E09BB2CABF1D700D159CF /* ContentView.swift */,
				B84E09BD2CABF1DB00D159CF /* Assets.xcassets */,
				B84E09BF2CABF1DB00D159CF /* Preview Content */,
			);
			path = NewTestProject;
			sourceTree = "<group>";
		};
		B84E09BF2CABF1DB00D159CF /* Preview Content */ = {
			isa = PBXGroup;
			children = (
				B84E09C02CABF1DB00D159CF /* Preview Assets.xcassets */,
			);
			path = "Preview Content";
			sourceTree = "<group>";
		};
		B84E09C92CABF1DC00D159CF /* NewTestProjectTests */ = {
			isa = PBXGroup;
			children = (
				B84E09CA2CABF1DC00D159CF /* NewTestProjectTests.swift */,
			);
			path = NewTestProjectTests;
			sourceTree = "<group>";
		};
		B84E09D32CABF1DC00D159CF /* NewTestProjectUITests */ = {
			isa = PBXGroup;
			children = (
				B84E09D42CABF1DC00D159CF /* NewTestProjectUITests.swift */,
				B84E09D62CABF1DC00D159CF /* NewTestProjectUITestsLaunchTests.swift */,
			);
			path = NewTestProjectUITests;
			sourceTree = "<group>";
		};
/* End PBXGroup section */

/* Begin PBXNativeTarget section */
		B84E09B52CABF1D700D159CF /* NewTestProject */ = {
			isa = PBXNativeTarget;
			buildConfigurationList = B84E09DA2CABF1DC00D159CF /* Build configuration list for PBXNativeTarget "NewTestProject" */;
			buildPhases = (
				B84E09B22CABF1D700D159CF /* Sources */,
				B84E09B32CABF1D700D159CF /* Frameworks */,
				B84E09B42CABF1D700D159CF /* Resources */,
			);
			buildRules = (
			);
			dependencies = (
			);
			name = NewTestProject;
			productName = NewTestProject;
			productReference = B84E09B62CABF1D700D159CF /* NewTestProject.app */;
			productType = "com.apple.product-type.application";
		};
		B84E09C52CABF1DC00D159CF /* NewTestProjectTests */ = {
			isa = PBXNativeTarget;
			buildConfigurationList = B84E09DD2CABF1DC00D159CF /* Build configuration list for PBXNativeTarget "NewTestProjectTests" */;
			buildPhases = (
				B84E09C22CABF1DC00D159CF /* Sources */,
				B84E09C32CABF1DC00D159CF /* Frameworks */,
				B84E09C42CABF1DC00D159CF /* Resources */,
			);
			buildRules = (
			);
			dependencies = (
				B84E09C82CABF1DC00D159CF /* PBXTargetDependency */,
			);
			name = NewTestProjectTests;
			productName = NewTestProjectTests;
			productReference = B84E09C62CABF1DC00D159CF /* NewTestProjectTests.xctest */;
			productType = "com.apple.product-type.bundle.unit-test";
		};
		B84E09CF2CABF1DC00D159CF /* NewTestProjectUITests */ = {
			isa = PBXNativeTarget;
			buildConfigurationList = B84E09E02CABF1DC00D159CF /* Build configuration list for PBXNativeTarget "NewTestProjectUITests" */;
			buildPhases = (
				B84E09CC2CABF1DC00D159CF /* Sources */,
				B84E09CD2CABF1DC00D159CF /* Frameworks */,
				B84E09CE2CABF1DC00D159CF /* Resources */,
			);
			buildRules = (
			);
			dependencies = (
				B84E09D22CABF1DC00D159CF /* PBXTargetDependency */,
			);
			name = NewTestProjectUITests;
			productName = NewTestProjectUITests;
			productReference = B84E09D02CABF1DC00D159CF /* NewTestProjectUITests.xctest */;
			productType = "com.apple.product-type.bundle.ui-testing";
		};
/* End PBXNativeTarget section */

/* Begin PBXProject section */
		B84E09AE2CABF1D700D159CF /* Project object */ = {
			isa = PBXProject;
			attributes = {
				BuildIndependentTargetsInParallel = 1;
				LastSwiftUpdateCheck = 1520;
				LastUpgradeCheck = 1520;
				TargetAttributes = {
					B84E09B52CABF1D700D159CF = {
						CreatedOnToolsVersion = 15.2;
					};
					B84E09C52CABF1DC00D159CF = {
						CreatedOnToolsVersion = 15.2;
						TestTargetID = B84E09B52CABF1D700D159CF;
					};
					B84E09CF2CABF1DC00D159CF = {
						CreatedOnToolsVersion = 15.2;
						TestTargetID = B84E09B52CABF1D700D159CF;
					};
				};
			};
			buildConfigurationList = B84E09B12CABF1D700D159CF /* Build configuration list for PBXProject "NewTestProject" */;
			compatibilityVersion = "Xcode 14.0";
			developmentRegion = en;
			hasScannedForEncodings = 0;
			knownRegions = (
				en,
				Base,
			);
			mainGroup = B84E09AD2CABF1D700D159CF;
			productRefGroup = B84E09B72CABF1D700D159CF /* Products */;
			projectDirPath = "";
			projectRoot = "";
			targets = (
				B84E09B52CABF1D700D159CF /* NewTestProject */,
				B84E09C52CABF1DC00D159CF /* NewTestProjectTests */,
				B84E09CF2CABF1DC00D159CF /* NewTestProjectUITests */,
			);
		};
/* End PBXProject section */

/* Begin PBXResourcesBuildPhase section */
		B84E09B42CABF1D700D159CF /* Resources */ = {
			isa = PBXResourcesBuildPhase;
			buildActionMask = 2147483647;
			files = (
				B84E09C12CABF1DB00D159CF /* Preview Assets.xcassets in Resources */,
				B84E09BE2CABF1DB00D159CF /* Assets.xcassets in Resources */,
			);
			runOnlyForDeploymentPostprocessing = 0;
		};
		B84E09C42CABF1DC00D159CF /* Resources */ = {
			isa = PBXResourcesBuildPhase;
			buildActionMask = 2147483647;
			files = (
			);
			runOnlyForDeploymentPostprocessing = 0;
		};
		B84E09CE2CABF1DC00D159CF /* Resources */ = {
			isa = PBXResourcesBuildPhase;
			buildActionMask = 2147483647;
			files = (
			);
			runOnlyForDeploymentPostprocessing = 0;
		};
/* End PBXResourcesBuildPhase section */

/* Begin PBXSourcesBuildPhase section */
		B84E09B22CABF1D700D159CF /* Sources */ = {
			isa = PBXSourcesBuildPhase;
			buildActionMask = 2147483647;
			files = (
				B84E09BC2CABF1D700D159CF /* ContentView.swift in Sources */,
				B84E09BA2CABF1D700D159CF /* NewTestProjectApp.swift in Sources */,
			);
			runOnlyForDeploymentPostprocessing = 0;
		};
		B84E09C22CABF1DC00D159CF /* Sources */ = {
			isa = PBXSourcesBuildPhase;
			buildActionMask = 2147483647;
			files = (
				B84E09CB2CABF1DC00D159CF /* NewTestProjectTests.swift in Sources */,
			);
			runOnlyForDeploymentPostprocessing = 0;
		};
		B84E09CC2CABF1DC00D159CF /* Sources */ = {
			isa = PBXSourcesBuildPhase;
			buildActionMask = 2147483647;
			files = (
				B84E09D52CABF1DC00D159CF /* NewTestProjectUITests.swift in Sources */,
				B84E09D72CABF1DC00D159CF /* NewTestProjectUITestsLaunchTests.swift in Sources */,
			);
			runOnlyForDeploymentPostprocessing = 0;
		};
/* End PBXSourcesBuildPhase section */

/* Begin PBXTargetDependency section */
		B84E09C82CABF1DC00D159CF /* PBXTargetDependency */ = {
			isa = PBXTargetDependency;
			target = B84E09B52CABF1D700D159CF /* NewTestProject */;
			targetProxy = B84E09C72CABF1DC00D159CF /* PBXContainerItemProxy */;
		};
		B84E09D22CABF1DC00D159CF /* PBXTargetDependency */ = {
			isa = PBXTargetDependency;
			target = B84E09B52CABF1D700D159CF /* NewTestProject */;
			targetProxy = B84E09D12CABF1DC00D159CF /* PBXContainerItemProxy */;
		};
/* End PBXTargetDependency section */

/* Begin XCBuildConfiguration section */
		B84E09D82CABF1DC00D159CF /* Debug */ = {
			isa = XCBuildConfiguration;
			buildSettings = {
				ALWAYS_SEARCH_USER_PATHS = NO;
				ASSETCATALOG_COMPILER_GENERATE_SWIFT_ASSET_SYMBOL_EXTENSIONS = YES;
				CLANG_ANALYZER_NONNULL = YES;
				CLANG_ANALYZER_NUMBER_OBJECT_CONVERSION = YES_AGGRESSIVE;
				CLANG_CXX_LANGUAGE_STANDARD = "gnu++20";
				CLANG_ENABLE_MODULES = YES;
				CLANG_ENABLE_OBJC_ARC = YES;
				CLANG_ENABLE_OBJC_WEAK = YES;
				CLANG_WARN_BLOCK_CAPTURE_AUTORELEASING = YES;
				CLANG_WARN_BOOL_CONVERSION = YES;
				CLANG_WARN_COMMA = YES;
				CLANG_WARN_CONSTANT_CONVERSION = YES;
				CLANG_WARN_DEPRECATED_OBJC_IMPLEMENTATIONS = YES;
				CLANG_WARN_DIRECT_OBJC_ISA_USAGE = YES_ERROR;
				CLANG_WARN_DOCUMENTATION_COMMENTS = YES;
				CLANG_WARN_EMPTY_BODY = YES;
				CLANG_WARN_ENUM_CONVERSION = YES;
				CLANG_WARN_INFINITE_RECURSION = YES;
				CLANG_WARN_INT_CONVERSION = YES;
				CLANG_WARN_NON_LITERAL_NULL_CONVERSION = YES;
				CLANG_WARN_OBJC_IMPLICIT_RETAIN_SELF = YES;
				CLANG_WARN_OBJC_LITERAL_CONVERSION = YES;
				CLANG_WARN_OBJC_ROOT_CLASS = YES_ERROR;
				CLANG_WARN_QUOTED_INCLUDE_IN_FRAMEWORK_HEADER = YES;
				CLANG_WARN_RANGE_LOOP_ANALYSIS = YES;
				CLANG_WARN_STRICT_PROTOTYPES = YES;
				CLANG_WARN_SUSPICIOUS_MOVE = YES;
				CLANG_WARN_UNGUARDED_AVAILABILITY = YES_AGGRESSIVE;
				CLANG_WARN_UNREACHABLE_CODE = YES;
				CLANG_WARN__DUPLICATE_METHOD_MATCH = YES;
				COPY_PHASE_STRIP = NO;
				DEBUG_INFORMATION_FORMAT = dwarf;
				ENABLE_STRICT_OBJC_MSGSEND = YES;
				ENABLE_TESTABILITY = YES;
				ENABLE_USER_SCRIPT_SANDBOXING = YES;
				GCC_C_LANGUAGE_STANDARD = gnu17;
				GCC_DYNAMIC_NO_PIC = NO;
				GCC_NO_COMMON_BLOCKS = YES;
				GCC_OPTIMIZATION_LEVEL = 0;
				GCC_PREPROCESSOR_DEFINITIONS = (
					"DEBUG=1",
					"$(inherited)",
				);
				GCC_WARN_64_TO_32_BIT_CONVERSION = YES;
				GCC_WARN_ABOUT_RETURN_TYPE = YES_ERROR;
				GCC_WARN_UNDECLARED_SELECTOR = YES;
				GCC_WARN_UNINITIALIZED_AUTOS = YES_AGGRESSIVE;
				GCC_WARN_UNUSED_FUNCTION = YES;
				GCC_WARN_UNUSED_VARIABLE = YES;
				IPHONEOS_DEPLOYMENT_TARGET = 17.2;
				LOCALIZATION_PREFERS_STRING_CATALOGS = YES;
				MTL_ENABLE_DEBUG_INFO = INCLUDE_SOURCE;
				MTL_FAST_MATH = YES;
				ONLY_ACTIVE_ARCH = YES;
				SDKROOT = iphoneos;
				SWIFT_ACTIVE_COMPILATION_CONDITIONS = "DEBUG $(inherited)";
				SWIFT_OPTIMIZATION_LEVEL = "-Onone";
			};
			name = Debug;
		};
		B84E09D92CABF1DC00D159CF /* Release */ = {
			isa = XCBuildConfiguration;
			buildSettings = {
				ALWAYS_SEARCH_USER_PATHS = NO;
				ASSETCATALOG_COMPILER_GENERATE_SWIFT_ASSET_SYMBOL_EXTENSIONS = YES;
				CLANG_ANALYZER_NONNULL = YES;
				CLANG_ANALYZER_NUMBER_OBJECT_CONVERSION = YES_AGGRESSIVE;
				CLANG_CXX_LANGUAGE_STANDARD = "gnu++20";
				CLANG_ENABLE_MODULES = YES;
				CLANG_ENABLE_OBJC_ARC = YES;
				CLANG_ENABLE_OBJC_WEAK = YES;
				CLANG_WARN_BLOCK_CAPTURE_AUTORELEASING = YES;
				CLANG_WARN_BOOL_CONVERSION = YES;
				CLANG_WARN_COMMA = YES;
				CLANG_WARN_CONSTANT_CONVERSION = YES;
				CLANG_WARN_DEPRECATED_OBJC_IMPLEMENTATIONS = YES;
				CLANG_WARN_DIRECT_OBJC_ISA_USAGE = YES_ERROR;
				CLANG_WARN_DOCUMENTATION_COMMENTS = YES;
				CLANG_WARN_EMPTY_BODY = YES;
				CLANG_WARN_ENUM_CONVERSION = YES;
				CLANG_WARN_INFINITE_RECURSION = YES;
				CLANG_WARN_INT_CONVERSION = YES;
				CLANG_WARN_NON_LITERAL_NULL_CONVERSION = YES;
				CLANG_WARN_OBJC_IMPLICIT_RETAIN_SELF = YES;
				CLANG_WARN_OBJC_LITERAL_CONVERSION = YES;
				CLANG_WARN_OBJC_ROOT_CLASS = YES_ERROR;
				CLANG_WARN_QUOTED_INCLUDE_IN_FRAMEWORK_HEADER = YES;
				CLANG_WARN_RANGE_LOOP_ANALYSIS = YES;
				CLANG_WARN_STRICT_PROTOTYPES = YES;
				CLANG_WARN_SUSPICIOUS_MOVE = YES;
				CLANG_WARN_UNGUARDED_AVAILABILITY = YES_AGGRESSIVE;
				CLANG_WARN_UNREACHABLE_CODE = YES;
				CLANG_WARN__DUPLICATE_METHOD_MATCH = YES;
				COPY_PHASE_STRIP = NO;
				DEBUG_INFORMATION_FORMAT = "dwarf-with-dsym";
				ENABLE_NS_ASSERTIONS = NO;
				ENABLE_STRICT_OBJC_MSGSEND = YES;
				ENABLE_USER_SCRIPT_SANDBOXING = YES;
				GCC_C_LANGUAGE_STANDARD = gnu17;
				GCC_NO_COMMON_BLOCKS = YES;
				GCC_WARN_64_TO_32_BIT_CONVERSION = YES;
				GCC_WARN_ABOUT_RETURN_TYPE = YES_ERROR;
				GCC_WARN_UNDECLARED_SELECTOR = YES;
				GCC_WARN_UNINITIALIZED_AUTOS = YES_AGGRESSIVE;
				GCC_WARN_UNUSED_FUNCTION = YES;
				GCC_WARN_UNUSED_VARIABLE = YES;
				IPHONEOS_DEPLOYMENT_TARGET = 17.2;
				LOCALIZATION_PREFERS_STRING_CATALOGS = YES;
				MTL_ENABLE_DEBUG_INFO = NO;
				MTL_FAST_MATH = YES;
				SDKROOT = iphoneos;
				SWIFT_COMPILATION_MODE = wholemodule;
				VALIDATE_PRODUCT = YES;
			};
			name = Release;
		};
		B84E09DB2CABF1DC00D159CF /* Debug */ = {
			isa = XCBuildConfiguration;
			buildSettings = {
				ASSETCATALOG_COMPILER_APPICON_NAME = AppIcon;
				ASSETCATALOG_COMPILER_GLOBAL_ACCENT_COLOR_NAME = AccentColor;
				CODE_SIGN_STYLE = Automatic;
				CURRENT_PROJECT_VERSION = 1;
				DEVELOPMENT_ASSET_PATHS = "\"NewTestProject/Preview Content\"";
				ENABLE_PREVIEWS = YES;
				GENERATE_INFOPLIST_FILE = YES;
				INFOPLIST_KEY_UIApplicationSceneManifest_Generation = YES;
				INFOPLIST_KEY_UIApplicationSupportsIndirectInputEvents = YES;
				INFOPLIST_KEY_UILaunchScreen_Generation = YES;
				INFOPLIST_KEY_UISupportedInterfaceOrientations_iPad = "UIInterfaceOrientationPortrait UIInterfaceOrientationPortraitUpsideDown UIInterfaceOrientationLandscapeLeft UIInterfaceOrientationLandscapeRight";
				INFOPLIST_KEY_UISupportedInterfaceOrientations_iPhone = "UIInterfaceOrientationPortrait UIInterfaceOrientationLandscapeLeft UIInterfaceOrientationLandscapeRight";
				LD_RUNPATH_SEARCH_PATHS = (
					"$(inherited)",
					"@executable_path/Frameworks",
				);
				MARKETING_VERSION = 1.0;
				PRODUCT_BUNDLE_IDENTIFIER = Gdwn.NewTestProject;
				PRODUCT_NAME = "$(TARGET_NAME)";
				SWIFT_EMIT_LOC_STRINGS = YES;
				SWIFT_VERSION = 5.0;
				TARGETED_DEVICE_FAMILY = "1,2";
			};
			name = Debug;
		};
		B84E09DC2CABF1DC00D159CF /* Release */ = {
			isa = XCBuildConfiguration;
			buildSettings = {
				ASSETCATALOG_COMPILER_APPICON_NAME = AppIcon;
				ASSETCATALOG_COMPILER_GLOBAL_ACCENT_COLOR_NAME = AccentColor;
				CODE_SIGN_STYLE = Automatic;
				CURRENT_PROJECT_VERSION = 1;
				DEVELOPMENT_ASSET_PATHS = "\"NewTestProject/Preview Content\"";
				ENABLE_PREVIEWS = YES;
				GENERATE_INFOPLIST_FILE = YES;
				INFOPLIST_KEY_UIApplicationSceneManifest_Generation = YES;
				INFOPLIST_KEY_UIApplicationSupportsIndirectInputEvents = YES;
				INFOPLIST_KEY_UILaunchScreen_Generation = YES;
				INFOPLIST_KEY_UISupportedInterfaceOrientations_iPad = "UIInterfaceOrientationPortrait UIInterfaceOrientationPortraitUpsideDown UIInterfaceOrientationLandscapeLeft UIInterfaceOrientationLandscapeRight";
				INFOPLIST_KEY_UISupportedInterfaceOrientations_iPhone = "UIInterfaceOrientationPortrait UIInterfaceOrientationLandscapeLeft UIInterfaceOrientationLandscapeRight";
				LD_RUNPATH_SEARCH_PATHS = (
					"$(inherited)",
					"@executable_path/Frameworks",
				);
				MARKETING_VERSION = 1.0;
				PRODUCT_BUNDLE_IDENTIFIER = Gdwn.NewTestProject;
				PRODUCT_NAME = "$(TARGET_NAME)";
				SWIFT_EMIT_LOC_STRINGS = YES;
				SWIFT_VERSION = 5.0;
				TARGETED_DEVICE_FAMILY = "1,2";
			};
			name = Release;
		};
		B84E09DE2CABF1DC00D159CF /* Debug */ = {
			isa = XCBuildConfiguration;
			buildSettings = {
				ALWAYS_EMBED_SWIFT_STANDARD_LIBRARIES = YES;
				BUNDLE_LOADER = "$(TEST_HOST)";
				CODE_SIGN_STYLE = Automatic;
				CURRENT_PROJECT_VERSION = 1;
				GENERATE_INFOPLIST_FILE = YES;
				IPHONEOS_DEPLOYMENT_TARGET = 17.2;
				MARKETING_VERSION = 1.0;
				PRODUCT_BUNDLE_IDENTIFIER = Gdwn.NewTestProjectTests;
				PRODUCT_NAME = "$(TARGET_NAME)";
				SWIFT_EMIT_LOC_STRINGS = NO;
				SWIFT_VERSION = 5.0;
				TARGETED_DEVICE_FAMILY = "1,2";
				TEST_HOST = "$(BUILT_PRODUCTS_DIR)/NewTestProject.app/$(BUNDLE_EXECUTABLE_FOLDER_PATH)/NewTestProject";
			};
			name = Debug;
		};
		B84E09DF2CABF1DC00D159CF /* Release */ = {
			isa = XCBuildConfiguration;
			buildSettings = {
				ALWAYS_EMBED_SWIFT_STANDARD_LIBRARIES = YES;
				BUNDLE_LOADER = "$(TEST_HOST)";
				CODE_SIGN_STYLE = Automatic;
				CURRENT_PROJECT_VERSION = 1;
				GENERATE_INFOPLIST_FILE = YES;
				IPHONEOS_DEPLOYMENT_TARGET = 17.2;
				MARKETING_VERSION = 1.0;
				PRODUCT_BUNDLE_IDENTIFIER = Gdwn.NewTestProjectTests;
				PRODUCT_NAME = "$(TARGET_NAME)";
				SWIFT_EMIT_LOC_STRINGS = NO;
				SWIFT_VERSION = 5.0;
				TARGETED_DEVICE_FAMILY = "1,2";
				TEST_HOST = "$(BUILT_PRODUCTS_DIR)/NewTestProject.app/$(BUNDLE_EXECUTABLE_FOLDER_PATH)/NewTestProject";
			};
			name = Release;
		};
		B84E09E12CABF1DC00D159CF /* Debug */ = {
			isa = XCBuildConfiguration;
			buildSettings = {
				ALWAYS_EMBED_SWIFT_STANDARD_LIBRARIES = YES;
				CODE_SIGN_STYLE = Automatic;
				CURRENT_PROJECT_VERSION = 1;
				GENERATE_INFOPLIST_FILE = YES;
				MARKETING_VERSION = 1.0;
				PRODUCT_BUNDLE_IDENTIFIER = Gdwn.NewTestProjectUITests;
				PRODUCT_NAME = "$(TARGET_NAME)";
				SWIFT_EMIT_LOC_STRINGS = NO;
				SWIFT_VERSION = 5.0;
				TARGETED_DEVICE_FAMILY = "1,2";
				TEST_TARGET_NAME = NewTestProject;
			};
			name = Debug;
		};
		B84E09E22CABF1DC00D159CF /* Release */ = {
			isa = XCBuildConfiguration;
			buildSettings = {
				ALWAYS_EMBED_SWIFT_STANDARD_LIBRARIES = YES;
				CODE_SIGN_STYLE = Automatic;
				CURRENT_PROJECT_VERSION = 1;
				GENERATE_INFOPLIST_FILE = YES;
				MARKETING_VERSION = 1.0;
				PRODUCT_BUNDLE_IDENTIFIER = Gdwn.NewTestProjectUITests;
				PRODUCT_NAME = "$(TARGET_NAME)";
				SWIFT_EMIT_LOC_STRINGS = NO;
				SWIFT_VERSION = 5.0;
				TARGETED_DEVICE_FAMILY = "1,2";
				TEST_TARGET_NAME = NewTestProject;
			};
			name = Release;
		};
/* End XCBuildConfiguration section */

/* Begin XCConfigurationList section */
		B84E09B12CABF1D700D159CF /* Build configuration list for PBXProject "NewTestProject" */ = {
			isa = XCConfigurationList;
			buildConfigurations = (
				B84E09D82CABF1DC00D159CF /* Debug */,
				B84E09D92CABF1DC00D159CF /* Release */,
			);
			defaultConfigurationIsVisible = 0;
			defaultConfigurationName = Release;
		};
		B84E09DA2CABF1DC00D159CF /* Build configuration list for PBXNativeTarget "NewTestProject" */ = {
			isa = XCConfigurationList;
			buildConfigurations = (
				B84E09DB2CABF1DC00D159CF /* Debug */,
				B84E09DC2CABF1DC00D159CF /* Release */,
			);
			defaultConfigurationIsVisible = 0;
			defaultConfigurationName = Release;
		};
		B84E09DD2CABF1DC00D159CF /* Build configuration list for PBXNativeTarget "NewTestProjectTests" */ = {
			isa = XCConfigurationList;
			buildConfigurations = (
				B84E09DE2CABF1DC00D159CF /* Debug */,
				B84E09DF2CABF1DC00D159CF /* Release */,
			);
			defaultConfigurationIsVisible = 0;
			defaultConfigurationName = Release;
		};
		B84E09E02CABF1DC00D159CF /* Build configuration list for PBXNativeTarget "NewTestProjectUITests" */ = {
			isa = XCConfigurationList;
			buildConfigurations = (
				B84E09E12CABF1DC00D159CF /* Debug */,
				B84E09E22CABF1DC00D159CF /* Release */,
			);
			defaultConfigurationIsVisible = 0;
			defaultConfigurationName = Release;
		};
/* End XCConfigurationList section */
	};
	rootObject = B84E09AE2CABF1D700D159CF /* Project object */;
}
