// !$*UTF8*$!
{
	archiveVersion = 1;
	classes = {
	};
	objectVersion = 56;
	objects = {

/* Begin PBXBuildFile section */
		B80246EA2CB83AB700176E37 /* LabelView.swift in Sources */ = {isa = PBXBuildFile; fileRef = B80246E92CB83AB700176E37 /* LabelView.swift */; };
		B80246EC2CB84C5E00176E37 /* LabelStyles.swift in Sources */ = {isa = PBXBuildFile; fileRef = B80246EB2CB84C5E00176E37 /* LabelStyles.swift */; };
		B80264FB2CBD6CF8005E9B42 /* ButtonView.swift in Sources */ = {isa = PBXBuildFile; fileRef = B80264FA2CBD6CF8005E9B42 /* ButtonView.swift */; };
		B80264FD2CBD7C91005E9B42 /* ButtonStyles.swift in Sources */ = {isa = PBXBuildFile; fileRef = B80264FC2CBD7C91005E9B42 /* ButtonStyles.swift */; };
		B807140B2CBFB28200EA6CA7 /* ButtonComponents.swift in Sources */ = {isa = PBXBuildFile; fileRef = B807140A2CBFB28200EA6CA7 /* ButtonComponents.swift */; };
		B843097C2CC428EB00FF6C6F /* DateView.swift in Sources */ = {isa = PBXBuildFile; fileRef = B843097B2CC428EB00FF6C6F /* DateView.swift */; };
		B84E09BA2CABF1D700D159CF /* NewTestProjectApp.swift in Sources */ = {isa = PBXBuildFile; fileRef = B84E09B92CABF1D700D159CF /* NewTestProjectApp.swift */; };
		B84E09BC2CABF1D700D159CF /* ContentView.swift in Sources */ = {isa = PBXBuildFile; fileRef = B84E09BB2CABF1D700D159CF /* ContentView.swift */; };
		B84E09BE2CABF1DB00D159CF /* Assets.xcassets in Resources */ = {isa = PBXBuildFile; fileRef = B84E09BD2CABF1DB00D159CF /* Assets.xcassets */; };
		B84E09C12CABF1DB00D159CF /* Preview Assets.xcassets in Resources */ = {isa = PBXBuildFile; fileRef = B84E09C02CABF1DB00D159CF /* Preview Assets.xcassets */; };
		B84E09CB2CABF1DC00D159CF /* NewTestProjectTests.swift in Sources */ = {isa = PBXBuildFile; fileRef = B84E09CA2CABF1DC00D159CF /* NewTestProjectTests.swift */; };
		B84E09D52CABF1DC00D159CF /* NewTestProjectUITests.swift in Sources */ = {isa = PBXBuildFile; fileRef = B84E09D42CABF1DC00D159CF /* NewTestProjectUITests.swift */; };
		B84E09D72CABF1DC00D159CF /* NewTestProjectUITestsLaunchTests.swift in Sources */ = {isa = PBXBuildFile; fileRef = B84E09D62CABF1DC00D159CF /* NewTestProjectUITestsLaunchTests.swift */; };
		B84E09E42CAC05AB00D159CF /* Symbolview.swift in Sources */ = {isa = PBXBuildFile; fileRef = B84E09E32CAC05AB00D159CF /* Symbolview.swift */; };
		B85576462CAFE75D009DC6FA /* ShapeView.swift in Sources */ = {isa = PBXBuildFile; fileRef = B85576452CAFE75C009DC6FA /* ShapeView.swift */; };
		B85576482CAFF1AB009DC6FA /* BorderView.swift in Sources */ = {isa = PBXBuildFile; fileRef = B85576472CAFF1AB009DC6FA /* BorderView.swift */; };
		B855764A2CB071A1009DC6FA /* LayoutView.swift in Sources */ = {isa = PBXBuildFile; fileRef = B85576492CB071A1009DC6FA /* LayoutView.swift */; };
		B857DB8A2CB428AA00A4046F /* PurchaseStatusView.swift in Sources */ = {isa = PBXBuildFile; fileRef = B857DB892CB428AA00A4046F /* PurchaseStatusView.swift */; };
		B857DB8C2CB4307D00A4046F /* LoginViewModel.swift in Sources */ = {isa = PBXBuildFile; fileRef = B857DB8B2CB4307D00A4046F /* LoginViewModel.swift */; };
		B857DB8E2CB4328200A4046F /* LoginStatusView.swift in Sources */ = {isa = PBXBuildFile; fileRef = B857DB8D2CB4328200A4046F /* LoginStatusView.swift */; };
		B868886D2CB5202F00A368D7 /* LoginBindView.swift in Sources */ = {isa = PBXBuildFile; fileRef = B868886C2CB5202F00A368D7 /* LoginBindView.swift */; };
		B86888722CB5266800A368D7 /* LoginView.swift in Sources */ = {isa = PBXBuildFile; fileRef = B86888712CB5266800A368D7 /* LoginView.swift */; };
		B86888742CB5299900A368D7 /* LoggedInView.swift in Sources */ = {isa = PBXBuildFile; fileRef = B86888732CB5299900A368D7 /* LoggedInView.swift */; };
		B86888762CB538A900A368D7 /* LoggedInViewModel.swift in Sources */ = {isa = PBXBuildFile; fileRef = B86888752CB538A900A368D7 /* LoggedInViewModel.swift */; };
		B86A5B122CAD42D700822A7A /* UsingColorsView.swift in Sources */ = {isa = PBXBuildFile; fileRef = B86A5B112CAD42D600822A7A /* UsingColorsView.swift */; };
		B86BB9072CB7C59400EE06AC /* LoginViewObserved.swift in Sources */ = {isa = PBXBuildFile; fileRef = B86BB9062CB7C59400EE06AC /* LoginViewObserved.swift */; };
		B86BB9092CB7C8A100EE06AC /* LoggedInViewObserved.swift in Sources */ = {isa = PBXBuildFile; fileRef = B86BB9082CB7C8A100EE06AC /* LoggedInViewObserved.swift */; };
		B86BB90C2CB7DA1400EE06AC /* DividerView.swift in Sources */ = {isa = PBXBuildFile; fileRef = B86BB90B2CB7DA1400EE06AC /* DividerView.swift */; };
		B86BB90E2CB7F14600EE06AC /* ColorPickerView.swift in Sources */ = {isa = PBXBuildFile; fileRef = B86BB90D2CB7F14600EE06AC /* ColorPickerView.swift */; };
		B86BB9102CB7FDEA00EE06AC /* LinkView.swift in Sources */ = {isa = PBXBuildFile; fileRef = B86BB90F2CB7FDEA00EE06AC /* LinkView.swift */; };
		B86E2B7F2CC705A700838A29 /* TextfieldView.swift in Sources */ = {isa = PBXBuildFile; fileRef = B86E2B7E2CC705A700838A29 /* TextfieldView.swift */; };
		B87BBC842CB16E80008EEA0E /* StateView.swift in Sources */ = {isa = PBXBuildFile; fileRef = B87BBC832CB16E80008EEA0E /* StateView.swift */; };
		B87BBC862CB19D5D008EEA0E /* BindingView.swift in Sources */ = {isa = PBXBuildFile; fileRef = B87BBC852CB19D5D008EEA0E /* BindingView.swift */; };
		B87BBC882CB1A103008EEA0E /* OuterLoadingView.swift in Sources */ = {isa = PBXBuildFile; fileRef = B87BBC872CB1A103008EEA0E /* OuterLoadingView.swift */; };
		B87BBC8A2CB1ADA1008EEA0E /* ObservableView.swift in Sources */ = {isa = PBXBuildFile; fileRef = B87BBC892CB1ADA1008EEA0E /* ObservableView.swift */; };
		B87BBC8C2CB1B3FC008EEA0E /* PeopleViewModel.swift in Sources */ = {isa = PBXBuildFile; fileRef = B87BBC8B2CB1B3FC008EEA0E /* PeopleViewModel.swift */; };
		B87BBC8E2CB1DF77008EEA0E /* PurchaseView.swift in Sources */ = {isa = PBXBuildFile; fileRef = B87BBC8D2CB1DF77008EEA0E /* PurchaseView.swift */; };
		B87BBC902CB1E00B008EEA0E /* PurchaseStateView.swift in Sources */ = {isa = PBXBuildFile; fileRef = B87BBC8F2CB1E00B008EEA0E /* PurchaseStateView.swift */; };
		B886A8392CBB22CD00976F3A /* StepperView.swift in Sources */ = {isa = PBXBuildFile; fileRef = B886A8382CBB22CD00976F3A /* StepperView.swift */; };
		B88E200F2CDE843200D11184 /* TransitionTemplateView.swift in Sources */ = {isa = PBXBuildFile; fileRef = B88E200E2CDE843200D11184 /* TransitionTemplateView.swift */; };
		B88E20112CDE87D500D11184 /* TransitionView.swift in Sources */ = {isa = PBXBuildFile; fileRef = B88E20102CDE87D500D11184 /* TransitionView.swift */; };
		B8904F472CDE232C00D4244B /* AnimationDifferenceView.swift in Sources */ = {isa = PBXBuildFile; fileRef = B8904F462CDE232C00D4244B /* AnimationDifferenceView.swift */; };
		B897D4F92CD03296009090C9 /* SafeAreaView.swift in Sources */ = {isa = PBXBuildFile; fileRef = B897D4F82CD03296009090C9 /* SafeAreaView.swift */; };
		B89CD7D72CCFF27B002FA2DA /* BgOverlayView.swift in Sources */ = {isa = PBXBuildFile; fileRef = B89CD7D62CCFF27B002FA2DA /* BgOverlayView.swift */; };
		B89FF66F2CD28DBD002DA9FB /* IdentifiableView.swift in Sources */ = {isa = PBXBuildFile; fileRef = B89FF66E2CD28DBD002DA9FB /* IdentifiableView.swift */; };
		B89FF6712CD29653002DA9FB /* PersonView.swift in Sources */ = {isa = PBXBuildFile; fileRef = B89FF6702CD29653002DA9FB /* PersonView.swift */; };
		B8A17A102CDBC3EC00A942BF /* AnimatingGridsView.swift in Sources */ = {isa = PBXBuildFile; fileRef = B8A17A0F2CDBC3EC00A942BF /* AnimatingGridsView.swift */; };
		B8A17A122CDBCB3600A942BF /* AnimationView.swift in Sources */ = {isa = PBXBuildFile; fileRef = B8A17A112CDBCB3600A942BF /* AnimationView.swift */; };
		B8A38BB22CCBDC31006A9452 /* SliderView.swift in Sources */ = {isa = PBXBuildFile; fileRef = B8A38BB12CCBDC31006A9452 /* SliderView.swift */; };
		B8AC97092CB2FEF300D8EE59 /* PurchaseViewModel.swift in Sources */ = {isa = PBXBuildFile; fileRef = B8AC97082CB2FEF300D8EE59 /* PurchaseViewModel.swift */; };
		B8AC9E0D2CD67C700056D626 /* PickerView.swift in Sources */ = {isa = PBXBuildFile; fileRef = B8AC9E0C2CD67C700056D626 /* PickerView.swift */; };
		B8BC08B42CD91B2D003CA853 /* GridView.swift in Sources */ = {isa = PBXBuildFile; fileRef = B8BC08B32CD91B2D003CA853 /* GridView.swift */; };
		B8C30FED2CBA8DD6000F2064 /* ToggleStyles.swift in Sources */ = {isa = PBXBuildFile; fileRef = B8C30FEC2CBA8DD6000F2064 /* ToggleStyles.swift */; };
		B8C30FEF2CBADA9F000F2064 /* SpacerView.swift in Sources */ = {isa = PBXBuildFile; fileRef = B8C30FEE2CBADA9F000F2064 /* SpacerView.swift */; };
		B8C797F02CD5715800A4830B /* StackView.swift in Sources */ = {isa = PBXBuildFile; fileRef = B8C797EF2CD5715800A4830B /* StackView.swift */; };
		B8CC24D52CAC9C6800018626 /* ImageView.swift in Sources */ = {isa = PBXBuildFile; fileRef = B8CC24D42CAC9C6800018626 /* ImageView.swift */; };
		B8D6AD202CAEA4C100DF3BE4 /* GradientView.swift in Sources */ = {isa = PBXBuildFile; fileRef = B8D6AD1F2CAEA4C100DF3BE4 /* GradientView.swift */; };
		B8E2D2572CB92B5500342AD5 /* ProgressLoaderView.swift in Sources */ = {isa = PBXBuildFile; fileRef = B8E2D2562CB92B5500342AD5 /* ProgressLoaderView.swift */; };
		B8E2D25A2CB98A3B00342AD5 /* ProgressViewStyles.swift in Sources */ = {isa = PBXBuildFile; fileRef = B8E2D2592CB98A3B00342AD5 /* ProgressViewStyles.swift */; };
		B8E2D25C2CB9B19A00342AD5 /* ToggleView.swift in Sources */ = {isa = PBXBuildFile; fileRef = B8E2D25B2CB9B19A00342AD5 /* ToggleView.swift */; };
		B8E920FD2CC2DB9C00EFBA56 /* NotificationModel.swift in Sources */ = {isa = PBXBuildFile; fileRef = B8E920FC2CC2DB9C00EFBA56 /* NotificationModel.swift */; };
		B8F7CC4C2CCD900E000DC625 /* TextView.swift in Sources */ = {isa = PBXBuildFile; fileRef = B8F7CC4B2CCD900E000DC625 /* TextView.swift */; };
		B8F7CC4E2CCD97FD000DC625 /* GroupboxView.swift in Sources */ = {isa = PBXBuildFile; fileRef = B8F7CC4D2CCD97FD000DC625 /* GroupboxView.swift */; };
		B8F7CC502CCD9BF5000DC625 /* GroupboxStyle.swift in Sources */ = {isa = PBXBuildFile; fileRef = B8F7CC4F2CCD9BF5000DC625 /* GroupboxStyle.swift */; };
		B8FCFD162CD3E8E2005AE70A /* ScrollviewView.swift in Sources */ = {isa = PBXBuildFile; fileRef = B8FCFD152CD3E8E2005AE70A /* ScrollviewView.swift */; };
/* End PBXBuildFile section */

/* Begin PBXContainerItemProxy section */
		B84E09C72CABF1DC00D159CF /* PBXContainerItemProxy */ = {
			isa = PBXContainerItemProxy;
			containerPortal = B84E09AE2CABF1D700D159CF /* Project object */;
			proxyType = 1;
			remoteGlobalIDString = B84E09B52CABF1D700D159CF;
			remoteInfo = NewTestProject;
		};
		B84E09D12CABF1DC00D159CF /* PBXContainerItemProxy */ = {
			isa = PBXContainerItemProxy;
			containerPortal = B84E09AE2CABF1D700D159CF /* Project object */;
			proxyType = 1;
			remoteGlobalIDString = B84E09B52CABF1D700D159CF;
			remoteInfo = NewTestProject;
		};
/* End PBXContainerItemProxy section */

/* Begin PBXFileReference section */
		B80246E92CB83AB700176E37 /* LabelView.swift */ = {isa = PBXFileReference; lastKnownFileType = sourcecode.swift; path = LabelView.swift; sourceTree = "<group>"; };
		B80246EB2CB84C5E00176E37 /* LabelStyles.swift */ = {isa = PBXFileReference; lastKnownFileType = sourcecode.swift; path = LabelStyles.swift; sourceTree = "<group>"; };
		B80264FA2CBD6CF8005E9B42 /* ButtonView.swift */ = {isa = PBXFileReference; lastKnownFileType = sourcecode.swift; path = ButtonView.swift; sourceTree = "<group>"; };
		B80264FC2CBD7C91005E9B42 /* ButtonStyles.swift */ = {isa = PBXFileReference; lastKnownFileType = sourcecode.swift; path = ButtonStyles.swift; sourceTree = "<group>"; };
		B807140A2CBFB28200EA6CA7 /* ButtonComponents.swift */ = {isa = PBXFileReference; lastKnownFileType = sourcecode.swift; path = ButtonComponents.swift; sourceTree = "<group>"; };
		B843097B2CC428EB00FF6C6F /* DateView.swift */ = {isa = PBXFileReference; lastKnownFileType = sourcecode.swift; path = DateView.swift; sourceTree = "<group>"; };
		B84E09B62CABF1D700D159CF /* NewTestProject.app */ = {isa = PBXFileReference; explicitFileType = wrapper.application; includeInIndex = 0; path = NewTestProject.app; sourceTree = BUILT_PRODUCTS_DIR; };
		B84E09B92CABF1D700D159CF /* NewTestProjectApp.swift */ = {isa = PBXFileReference; lastKnownFileType = sourcecode.swift; path = NewTestProjectApp.swift; sourceTree = "<group>"; };
		B84E09BB2CABF1D700D159CF /* ContentView.swift */ = {isa = PBXFileReference; lastKnownFileType = sourcecode.swift; path = ContentView.swift; sourceTree = "<group>"; };
		B84E09BD2CABF1DB00D159CF /* Assets.xcassets */ = {isa = PBXFileReference; lastKnownFileType = folder.assetcatalog; path = Assets.xcassets; sourceTree = "<group>"; };
		B84E09C02CABF1DB00D159CF /* Preview Assets.xcassets */ = {isa = PBXFileReference; lastKnownFileType = folder.assetcatalog; path = "Preview Assets.xcassets"; sourceTree = "<group>"; };
		B84E09C62CABF1DC00D159CF /* NewTestProjectTests.xctest */ = {isa = PBXFileReference; explicitFileType = wrapper.cfbundle; includeInIndex = 0; path = NewTestProjectTests.xctest; sourceTree = BUILT_PRODUCTS_DIR; };
		B84E09CA2CABF1DC00D159CF /* NewTestProjectTests.swift */ = {isa = PBXFileReference; lastKnownFileType = sourcecode.swift; path = NewTestProjectTests.swift; sourceTree = "<group>"; };
		B84E09D02CABF1DC00D159CF /* NewTestProjectUITests.xctest */ = {isa = PBXFileReference; explicitFileType = wrapper.cfbundle; includeInIndex = 0; path = NewTestProjectUITests.xctest; sourceTree = BUILT_PRODUCTS_DIR; };
		B84E09D42CABF1DC00D159CF /* NewTestProjectUITests.swift */ = {isa = PBXFileReference; lastKnownFileType = sourcecode.swift; path = NewTestProjectUITests.swift; sourceTree = "<group>"; };
		B84E09D62CABF1DC00D159CF /* NewTestProjectUITestsLaunchTests.swift */ = {isa = PBXFileReference; lastKnownFileType = sourcecode.swift; path = NewTestProjectUITestsLaunchTests.swift; sourceTree = "<group>"; };
		B84E09E32CAC05AB00D159CF /* Symbolview.swift */ = {isa = PBXFileReference; lastKnownFileType = sourcecode.swift; path = Symbolview.swift; sourceTree = "<group>"; };
		B85576452CAFE75C009DC6FA /* ShapeView.swift */ = {isa = PBXFileReference; lastKnownFileType = sourcecode.swift; path = ShapeView.swift; sourceTree = "<group>"; };
		B85576472CAFF1AB009DC6FA /* BorderView.swift */ = {isa = PBXFileReference; lastKnownFileType = sourcecode.swift; path = BorderView.swift; sourceTree = "<group>"; };
		B85576492CB071A1009DC6FA /* LayoutView.swift */ = {isa = PBXFileReference; lastKnownFileType = sourcecode.swift; path = LayoutView.swift; sourceTree = "<group>"; };
		B857DB892CB428AA00A4046F /* PurchaseStatusView.swift */ = {isa = PBXFileReference; lastKnownFileType = sourcecode.swift; path = PurchaseStatusView.swift; sourceTree = "<group>"; };
		B857DB8B2CB4307D00A4046F /* LoginViewModel.swift */ = {isa = PBXFileReference; lastKnownFileType = sourcecode.swift; path = LoginViewModel.swift; sourceTree = "<group>"; };
		B857DB8D2CB4328200A4046F /* LoginStatusView.swift */ = {isa = PBXFileReference; lastKnownFileType = sourcecode.swift; path = LoginStatusView.swift; sourceTree = "<group>"; };
		B868886C2CB5202F00A368D7 /* LoginBindView.swift */ = {isa = PBXFileReference; lastKnownFileType = sourcecode.swift; path = LoginBindView.swift; sourceTree = "<group>"; };
		B86888712CB5266800A368D7 /* LoginView.swift */ = {isa = PBXFileReference; lastKnownFileType = sourcecode.swift; path = LoginView.swift; sourceTree = "<group>"; };
		B86888732CB5299900A368D7 /* LoggedInView.swift */ = {isa = PBXFileReference; lastKnownFileType = sourcecode.swift; path = LoggedInView.swift; sourceTree = "<group>"; };
		B86888752CB538A900A368D7 /* LoggedInViewModel.swift */ = {isa = PBXFileReference; lastKnownFileType = sourcecode.swift; path = LoggedInViewModel.swift; sourceTree = "<group>"; };
		B86A5B112CAD42D600822A7A /* UsingColorsView.swift */ = {isa = PBXFileReference; lastKnownFileType = sourcecode.swift; path = UsingColorsView.swift; sourceTree = "<group>"; };
		B86BB9062CB7C59400EE06AC /* LoginViewObserved.swift */ = {isa = PBXFileReference; lastKnownFileType = sourcecode.swift; path = LoginViewObserved.swift; sourceTree = "<group>"; };
		B86BB9082CB7C8A100EE06AC /* LoggedInViewObserved.swift */ = {isa = PBXFileReference; lastKnownFileType = sourcecode.swift; path = LoggedInViewObserved.swift; sourceTree = "<group>"; };
		B86BB90B2CB7DA1400EE06AC /* DividerView.swift */ = {isa = PBXFileReference; lastKnownFileType = sourcecode.swift; path = DividerView.swift; sourceTree = "<group>"; };
		B86BB90D2CB7F14600EE06AC /* ColorPickerView.swift */ = {isa = PBXFileReference; lastKnownFileType = sourcecode.swift; path = ColorPickerView.swift; sourceTree = "<group>"; };
		B86BB90F2CB7FDEA00EE06AC /* LinkView.swift */ = {isa = PBXFileReference; lastKnownFileType = sourcecode.swift; path = LinkView.swift; sourceTree = "<group>"; };
		B86E2B7E2CC705A700838A29 /* TextfieldView.swift */ = {isa = PBXFileReference; lastKnownFileType = sourcecode.swift; path = TextfieldView.swift; sourceTree = "<group>"; };
		B87BBC832CB16E80008EEA0E /* StateView.swift */ = {isa = PBXFileReference; lastKnownFileType = sourcecode.swift; path = StateView.swift; sourceTree = "<group>"; };
		B87BBC852CB19D5D008EEA0E /* BindingView.swift */ = {isa = PBXFileReference; lastKnownFileType = sourcecode.swift; path = BindingView.swift; sourceTree = "<group>"; };
		B87BBC872CB1A103008EEA0E /* OuterLoadingView.swift */ = {isa = PBXFileReference; lastKnownFileType = sourcecode.swift; path = OuterLoadingView.swift; sourceTree = "<group>"; };
		B87BBC892CB1ADA1008EEA0E /* ObservableView.swift */ = {isa = PBXFileReference; lastKnownFileType = sourcecode.swift; path = ObservableView.swift; sourceTree = "<group>"; };
		B87BBC8B2CB1B3FC008EEA0E /* PeopleViewModel.swift */ = {isa = PBXFileReference; lastKnownFileType = sourcecode.swift; path = PeopleViewModel.swift; sourceTree = "<group>"; };
		B87BBC8D2CB1DF77008EEA0E /* PurchaseView.swift */ = {isa = PBXFileReference; lastKnownFileType = sourcecode.swift; path = PurchaseView.swift; sourceTree = "<group>"; };
		B87BBC8F2CB1E00B008EEA0E /* PurchaseStateView.swift */ = {isa = PBXFileReference; lastKnownFileType = sourcecode.swift; path = PurchaseStateView.swift; sourceTree = "<group>"; };
		B886A8382CBB22CD00976F3A /* StepperView.swift */ = {isa = PBXFileReference; lastKnownFileType = sourcecode.swift; path = StepperView.swift; sourceTree = "<group>"; };
		B88E200E2CDE843200D11184 /* TransitionTemplateView.swift */ = {isa = PBXFileReference; lastKnownFileType = sourcecode.swift; path = TransitionTemplateView.swift; sourceTree = "<group>"; };
		B88E20102CDE87D500D11184 /* TransitionView.swift */ = {isa = PBXFileReference; lastKnownFileType = sourcecode.swift; path = TransitionView.swift; sourceTree = "<group>"; };
		B8904F462CDE232C00D4244B /* AnimationDifferenceView.swift */ = {isa = PBXFileReference; lastKnownFileType = sourcecode.swift; path = AnimationDifferenceView.swift; sourceTree = "<group>"; };
		B897D4F82CD03296009090C9 /* SafeAreaView.swift */ = {isa = PBXFileReference; lastKnownFileType = sourcecode.swift; path = SafeAreaView.swift; sourceTree = "<group>"; };
		B89CD7D62CCFF27B002FA2DA /* BgOverlayView.swift */ = {isa = PBXFileReference; lastKnownFileType = sourcecode.swift; path = BgOverlayView.swift; sourceTree = "<group>"; };
		B89FF66E2CD28DBD002DA9FB /* IdentifiableView.swift */ = {isa = PBXFileReference; lastKnownFileType = sourcecode.swift; path = IdentifiableView.swift; sourceTree = "<group>"; };
		B89FF6702CD29653002DA9FB /* PersonView.swift */ = {isa = PBXFileReference; lastKnownFileType = sourcecode.swift; path = PersonView.swift; sourceTree = "<group>"; };
		B8A17A0F2CDBC3EC00A942BF /* AnimatingGridsView.swift */ = {isa = PBXFileReference; lastKnownFileType = sourcecode.swift; path = AnimatingGridsView.swift; sourceTree = "<group>"; };
		B8A17A112CDBCB3600A942BF /* AnimationView.swift */ = {isa = PBXFileReference; lastKnownFileType = sourcecode.swift; path = AnimationView.swift; sourceTree = "<group>"; };
		B8A38BB12CCBDC31006A9452 /* SliderView.swift */ = {isa = PBXFileReference; lastKnownFileType = sourcecode.swift; path = SliderView.swift; sourceTree = "<group>"; };
		B8AC97082CB2FEF300D8EE59 /* PurchaseViewModel.swift */ = {isa = PBXFileReference; lastKnownFileType = sourcecode.swift; path = PurchaseViewModel.swift; sourceTree = "<group>"; };
		B8AC9E0C2CD67C700056D626 /* PickerView.swift */ = {isa = PBXFileReference; lastKnownFileType = sourcecode.swift; path = PickerView.swift; sourceTree = "<group>"; };
		B8BC08B32CD91B2D003CA853 /* GridView.swift */ = {isa = PBXFileReference; lastKnownFileType = sourcecode.swift; path = GridView.swift; sourceTree = "<group>"; };
		B8C30FEC2CBA8DD6000F2064 /* ToggleStyles.swift */ = {isa = PBXFileReference; lastKnownFileType = sourcecode.swift; path = ToggleStyles.swift; sourceTree = "<group>"; };
		B8C30FEE2CBADA9F000F2064 /* SpacerView.swift */ = {isa = PBXFileReference; lastKnownFileType = sourcecode.swift; path = SpacerView.swift; sourceTree = "<group>"; };
		B8C797EF2CD5715800A4830B /* StackView.swift */ = {isa = PBXFileReference; lastKnownFileType = sourcecode.swift; path = StackView.swift; sourceTree = "<group>"; };
		B8CC24D42CAC9C6800018626 /* ImageView.swift */ = {isa = PBXFileReference; lastKnownFileType = sourcecode.swift; path = ImageView.swift; sourceTree = "<group>"; };
		B8D6AD1F2CAEA4C100DF3BE4 /* GradientView.swift */ = {isa = PBXFileReference; lastKnownFileType = sourcecode.swift; path = GradientView.swift; sourceTree = "<group>"; };
		B8E2D2562CB92B5500342AD5 /* ProgressLoaderView.swift */ = {isa = PBXFileReference; lastKnownFileType = sourcecode.swift; path = ProgressLoaderView.swift; sourceTree = "<group>"; };
		B8E2D2592CB98A3B00342AD5 /* ProgressViewStyles.swift */ = {isa = PBXFileReference; lastKnownFileType = sourcecode.swift; path = ProgressViewStyles.swift; sourceTree = "<group>"; };
		B8E2D25B2CB9B19A00342AD5 /* ToggleView.swift */ = {isa = PBXFileReference; lastKnownFileType = sourcecode.swift; path = ToggleView.swift; sourceTree = "<group>"; };
		B8E920FC2CC2DB9C00EFBA56 /* NotificationModel.swift */ = {isa = PBXFileReference; lastKnownFileType = sourcecode.swift; path = NotificationModel.swift; sourceTree = "<group>"; };
		B8F7CC4B2CCD900E000DC625 /* TextView.swift */ = {isa = PBXFileReference; lastKnownFileType = sourcecode.swift; path = TextView.swift; sourceTree = "<group>"; };
		B8F7CC4D2CCD97FD000DC625 /* GroupboxView.swift */ = {isa = PBXFileReference; lastKnownFileType = sourcecode.swift; path = GroupboxView.swift; sourceTree = "<group>"; };
		B8F7CC4F2CCD9BF5000DC625 /* GroupboxStyle.swift */ = {isa = PBXFileReference; lastKnownFileType = sourcecode.swift; path = GroupboxStyle.swift; sourceTree = "<group>"; };
		B8FCFD152CD3E8E2005AE70A /* ScrollviewView.swift */ = {isa = PBXFileReference; lastKnownFileType = sourcecode.swift; path = ScrollviewView.swift; sourceTree = "<group>"; };
/* End PBXFileReference section */

/* Begin PBXFrameworksBuildPhase section */
		B84E09B32CABF1D700D159CF /* Frameworks */ = {
			isa = PBXFrameworksBuildPhase;
			buildActionMask = 2147483647;
			files = (
			);
			runOnlyForDeploymentPostprocessing = 0;
		};
		B84E09C32CABF1DC00D159CF /* Frameworks */ = {
			isa = PBXFrameworksBuildPhase;
			buildActionMask = 2147483647;
			files = (
			);
			runOnlyForDeploymentPostprocessing = 0;
		};
		B84E09CD2CABF1DC00D159CF /* Frameworks */ = {
			isa = PBXFrameworksBuildPhase;
			buildActionMask = 2147483647;
			files = (
			);
			runOnlyForDeploymentPostprocessing = 0;
		};
/* End PBXFrameworksBuildPhase section */

/* Begin PBXGroup section */
		B80714092CBFB25000EA6CA7 /* Components */ = {
			isa = PBXGroup;
			children = (
				B807140C2CBFB28D00EA6CA7 /* Buttons */,
			);
			path = Components;
			sourceTree = "<group>";
		};
		B807140C2CBFB28D00EA6CA7 /* Buttons */ = {
			isa = PBXGroup;
			children = (
				B807140A2CBFB28200EA6CA7 /* ButtonComponents.swift */,
			);
			path = Buttons;
			sourceTree = "<group>";
		};
		B84E09AD2CABF1D700D159CF = {
			isa = PBXGroup;
			children = (
				B84E09B82CABF1D700D159CF /* NewTestProject */,
				B84E09C92CABF1DC00D159CF /* NewTestProjectTests */,
				B84E09D32CABF1DC00D159CF /* NewTestProjectUITests */,
				B84E09B72CABF1D700D159CF /* Products */,
			);
			sourceTree = "<group>";
		};
		B84E09B72CABF1D700D159CF /* Products */ = {
			isa = PBXGroup;
			children = (
				B84E09B62CABF1D700D159CF /* NewTestProject.app */,
				B84E09C62CABF1DC00D159CF /* NewTestProjectTests.xctest */,
				B84E09D02CABF1DC00D159CF /* NewTestProjectUITests.xctest */,
			);
			name = Products;
			sourceTree = "<group>";
		};
		B84E09B82CABF1D700D159CF /* NewTestProject */ = {
			isa = PBXGroup;
			children = (
				B84E09B92CABF1D700D159CF /* NewTestProjectApp.swift */,
				B84E09BB2CABF1D700D159CF /* ContentView.swift */,
				B843097B2CC428EB00FF6C6F /* DateView.swift */,
				B86E2B7E2CC705A700838A29 /* TextfieldView.swift */,
				B8A38BB12CCBDC31006A9452 /* SliderView.swift */,
				B8F7CC4B2CCD900E000DC625 /* TextView.swift */,
				B8F7CC4D2CCD97FD000DC625 /* GroupboxView.swift */,
				B89CD7D62CCFF27B002FA2DA /* BgOverlayView.swift */,
				B897D4F82CD03296009090C9 /* SafeAreaView.swift */,
				B8F7CC4F2CCD9BF5000DC625 /* GroupboxStyle.swift */,
				B84E09E32CAC05AB00D159CF /* Symbolview.swift */,
				B8CC24D42CAC9C6800018626 /* ImageView.swift */,
				B89FF66E2CD28DBD002DA9FB /* IdentifiableView.swift */,
				B89FF6702CD29653002DA9FB /* PersonView.swift */,
				B8FCFD152CD3E8E2005AE70A /* ScrollviewView.swift */,
				B8AC9E0C2CD67C700056D626 /* PickerView.swift */,
				B8BC08B32CD91B2D003CA853 /* GridView.swift */,
				B8A17A0F2CDBC3EC00A942BF /* AnimatingGridsView.swift */,
				B8A17A112CDBCB3600A942BF /* AnimationView.swift */,
				B8904F462CDE232C00D4244B /* AnimationDifferenceView.swift */,
				B88E200E2CDE843200D11184 /* TransitionTemplateView.swift */,
				B88E20102CDE87D500D11184 /* TransitionView.swift */,
				B8C797EF2CD5715800A4830B /* StackView.swift */,
				B86A5B112CAD42D600822A7A /* UsingColorsView.swift */,
				B8D6AD1F2CAEA4C100DF3BE4 /* GradientView.swift */,
				B85576452CAFE75C009DC6FA /* ShapeView.swift */,
				B85576472CAFF1AB009DC6FA /* BorderView.swift */,
				B85576492CB071A1009DC6FA /* LayoutView.swift */,
				B86BB90B2CB7DA1400EE06AC /* DividerView.swift */,
				B86BB90D2CB7F14600EE06AC /* ColorPickerView.swift */,
				B86BB90F2CB7FDEA00EE06AC /* LinkView.swift */,
				B80246E92CB83AB700176E37 /* LabelView.swift */,
				B8E2D2562CB92B5500342AD5 /* ProgressLoaderView.swift */,
				B8E2D25B2CB9B19A00342AD5 /* ToggleView.swift */,
				B8C30FEE2CBADA9F000F2064 /* SpacerView.swift */,
				B886A8382CBB22CD00976F3A /* StepperView.swift */,
				B80264FA2CBD6CF8005E9B42 /* ButtonView.swift */,
				B80714092CBFB25000EA6CA7 /* Components */,
				B8E2D2582CB989F200342AD5 /* Style declarations */,
				B86BB90A2CB7D76100EE06AC /* State management */,
				B84E09BD2CABF1DB00D159CF /* Assets.xcassets */,
				B84E09BF2CABF1DB00D159CF /* Preview Content */,
			);
			path = NewTestProject;
			sourceTree = "<group>";
		};
		B84E09BF2CABF1DB00D159CF /* Preview Content */ = {
			isa = PBXGroup;
			children = (
				B84E09C02CABF1DB00D159CF /* Preview Assets.xcassets */,
			);
			path = "Preview Content";
			sourceTree = "<group>";
		};
		B84E09C92CABF1DC00D159CF /* NewTestProjectTests */ = {
			isa = PBXGroup;
			children = (
				B84E09CA2CABF1DC00D159CF /* NewTestProjectTests.swift */,
			);
			path = NewTestProjectTests;
			sourceTree = "<group>";
		};
		B84E09D32CABF1DC00D159CF /* NewTestProjectUITests */ = {
			isa = PBXGroup;
			children = (
				B84E09D42CABF1DC00D159CF /* NewTestProjectUITests.swift */,
				B84E09D62CABF1DC00D159CF /* NewTestProjectUITestsLaunchTests.swift */,
			);
			path = NewTestProjectUITests;
			sourceTree = "<group>";
		};
		B868886E2CB5255200A368D7 /* Practice */ = {
			isa = PBXGroup;
			children = (
				B857DB8B2CB4307D00A4046F /* LoginViewModel.swift */,
				B857DB8D2CB4328200A4046F /* LoginStatusView.swift */,
				B868886C2CB5202F00A368D7 /* LoginBindView.swift */,
			);
			path = Practice;
			sourceTree = "<group>";
		};
		B86BB90A2CB7D76100EE06AC /* State management */ = {
			isa = PBXGroup;
			children = (
				B87BBC832CB16E80008EEA0E /* StateView.swift */,
				B87BBC852CB19D5D008EEA0E /* BindingView.swift */,
				B86888712CB5266800A368D7 /* LoginView.swift */,
				B86BB9062CB7C59400EE06AC /* LoginViewObserved.swift */,
				B86888732CB5299900A368D7 /* LoggedInView.swift */,
				B86BB9082CB7C8A100EE06AC /* LoggedInViewObserved.swift */,
				B86888752CB538A900A368D7 /* LoggedInViewModel.swift */,
				B87BBC892CB1ADA1008EEA0E /* ObservableView.swift */,
				B87BBC8D2CB1DF77008EEA0E /* PurchaseView.swift */,
				B857DB892CB428AA00A4046F /* PurchaseStatusView.swift */,
				B87BBC8F2CB1E00B008EEA0E /* PurchaseStateView.swift */,
				B868886E2CB5255200A368D7 /* Practice */,
				B8AC97082CB2FEF300D8EE59 /* PurchaseViewModel.swift */,
				B87BBC8B2CB1B3FC008EEA0E /* PeopleViewModel.swift */,
				B87BBC872CB1A103008EEA0E /* OuterLoadingView.swift */,
				B8E920FC2CC2DB9C00EFBA56 /* NotificationModel.swift */,
			);
			path = "State management";
			sourceTree = "<group>";
		};
		B8E2D2582CB989F200342AD5 /* Style declarations */ = {
			isa = PBXGroup;
			children = (
				B8C30FEC2CBA8DD6000F2064 /* ToggleStyles.swift */,
				B80246EB2CB84C5E00176E37 /* LabelStyles.swift */,
				B8E2D2592CB98A3B00342AD5 /* ProgressViewStyles.swift */,
				B80264FC2CBD7C91005E9B42 /* ButtonStyles.swift */,
			);
			path = "Style declarations";
			sourceTree = "<group>";
		};
/* End PBXGroup section */

/* Begin PBXNativeTarget section */
		B84E09B52CABF1D700D159CF /* NewTestProject */ = {
			isa = PBXNativeTarget;
			buildConfigurationList = B84E09DA2CABF1DC00D159CF /* Build configuration list for PBXNativeTarget "NewTestProject" */;
			buildPhases = (
				B84E09B22CABF1D700D159CF /* Sources */,
				B84E09B32CABF1D700D159CF /* Frameworks */,
				B84E09B42CABF1D700D159CF /* Resources */,
			);
			buildRules = (
			);
			dependencies = (
			);
			name = NewTestProject;
			productName = NewTestProject;
			productReference = B84E09B62CABF1D700D159CF /* NewTestProject.app */;
			productType = "com.apple.product-type.application";
		};
		B84E09C52CABF1DC00D159CF /* NewTestProjectTests */ = {
			isa = PBXNativeTarget;
			buildConfigurationList = B84E09DD2CABF1DC00D159CF /* Build configuration list for PBXNativeTarget "NewTestProjectTests" */;
			buildPhases = (
				B84E09C22CABF1DC00D159CF /* Sources */,
				B84E09C32CABF1DC00D159CF /* Frameworks */,
				B84E09C42CABF1DC00D159CF /* Resources */,
			);
			buildRules = (
			);
			dependencies = (
				B84E09C82CABF1DC00D159CF /* PBXTargetDependency */,
			);
			name = NewTestProjectTests;
			productName = NewTestProjectTests;
			productReference = B84E09C62CABF1DC00D159CF /* NewTestProjectTests.xctest */;
			productType = "com.apple.product-type.bundle.unit-test";
		};
		B84E09CF2CABF1DC00D159CF /* NewTestProjectUITests */ = {
			isa = PBXNativeTarget;
			buildConfigurationList = B84E09E02CABF1DC00D159CF /* Build configuration list for PBXNativeTarget "NewTestProjectUITests" */;
			buildPhases = (
				B84E09CC2CABF1DC00D159CF /* Sources */,
				B84E09CD2CABF1DC00D159CF /* Frameworks */,
				B84E09CE2CABF1DC00D159CF /* Resources */,
			);
			buildRules = (
			);
			dependencies = (
				B84E09D22CABF1DC00D159CF /* PBXTargetDependency */,
			);
			name = NewTestProjectUITests;
			productName = NewTestProjectUITests;
			productReference = B84E09D02CABF1DC00D159CF /* NewTestProjectUITests.xctest */;
			productType = "com.apple.product-type.bundle.ui-testing";
		};
/* End PBXNativeTarget section */

/* Begin PBXProject section */
		B84E09AE2CABF1D700D159CF /* Project object */ = {
			isa = PBXProject;
			attributes = {
				BuildIndependentTargetsInParallel = 1;
				LastSwiftUpdateCheck = 1520;
				LastUpgradeCheck = 1520;
				TargetAttributes = {
					B84E09B52CABF1D700D159CF = {
						CreatedOnToolsVersion = 15.2;
					};
					B84E09C52CABF1DC00D159CF = {
						CreatedOnToolsVersion = 15.2;
						TestTargetID = B84E09B52CABF1D700D159CF;
					};
					B84E09CF2CABF1DC00D159CF = {
						CreatedOnToolsVersion = 15.2;
						TestTargetID = B84E09B52CABF1D700D159CF;
					};
				};
			};
			buildConfigurationList = B84E09B12CABF1D700D159CF /* Build configuration list for PBXProject "NewTestProject" */;
			compatibilityVersion = "Xcode 14.0";
			developmentRegion = en;
			hasScannedForEncodings = 0;
			knownRegions = (
				en,
				Base,
			);
			mainGroup = B84E09AD2CABF1D700D159CF;
			productRefGroup = B84E09B72CABF1D700D159CF /* Products */;
			projectDirPath = "";
			projectRoot = "";
			targets = (
				B84E09B52CABF1D700D159CF /* NewTestProject */,
				B84E09C52CABF1DC00D159CF /* NewTestProjectTests */,
				B84E09CF2CABF1DC00D159CF /* NewTestProjectUITests */,
			);
		};
/* End PBXProject section */

/* Begin PBXResourcesBuildPhase section */
		B84E09B42CABF1D700D159CF /* Resources */ = {
			isa = PBXResourcesBuildPhase;
			buildActionMask = 2147483647;
			files = (
				B84E09C12CABF1DB00D159CF /* Preview Assets.xcassets in Resources */,
				B84E09BE2CABF1DB00D159CF /* Assets.xcassets in Resources */,
			);
			runOnlyForDeploymentPostprocessing = 0;
		};
		B84E09C42CABF1DC00D159CF /* Resources */ = {
			isa = PBXResourcesBuildPhase;
			buildActionMask = 2147483647;
			files = (
			);
			runOnlyForDeploymentPostprocessing = 0;
		};
		B84E09CE2CABF1DC00D159CF /* Resources */ = {
			isa = PBXResourcesBuildPhase;
			buildActionMask = 2147483647;
			files = (
			);
			runOnlyForDeploymentPostprocessing = 0;
		};
/* End PBXResourcesBuildPhase section */

/* Begin PBXSourcesBuildPhase section */
		B84E09B22CABF1D700D159CF /* Sources */ = {
			isa = PBXSourcesBuildPhase;
			buildActionMask = 2147483647;
			files = (
				B8F7CC502CCD9BF5000DC625 /* GroupboxStyle.swift in Sources */,
				B86BB9072CB7C59400EE06AC /* LoginViewObserved.swift in Sources */,
				B8CC24D52CAC9C6800018626 /* ImageView.swift in Sources */,
				B8BC08B42CD91B2D003CA853 /* GridView.swift in Sources */,
				B87BBC882CB1A103008EEA0E /* OuterLoadingView.swift in Sources */,
				B87BBC8A2CB1ADA1008EEA0E /* ObservableView.swift in Sources */,
				B87BBC8E2CB1DF77008EEA0E /* PurchaseView.swift in Sources */,
				B89FF6712CD29653002DA9FB /* PersonView.swift in Sources */,
				B8E2D25A2CB98A3B00342AD5 /* ProgressViewStyles.swift in Sources */,
				B8A17A122CDBCB3600A942BF /* AnimationView.swift in Sources */,
				B87BBC862CB19D5D008EEA0E /* BindingView.swift in Sources */,
				B80264FD2CBD7C91005E9B42 /* ButtonStyles.swift in Sources */,
				B84E09BC2CABF1D700D159CF /* ContentView.swift in Sources */,
				B87BBC842CB16E80008EEA0E /* StateView.swift in Sources */,
				B8904F472CDE232C00D4244B /* AnimationDifferenceView.swift in Sources */,
				B868886D2CB5202F00A368D7 /* LoginBindView.swift in Sources */,
				B897D4F92CD03296009090C9 /* SafeAreaView.swift in Sources */,
				B86BB9092CB7C8A100EE06AC /* LoggedInViewObserved.swift in Sources */,
				B86888722CB5266800A368D7 /* LoginView.swift in Sources */,
				B855764A2CB071A1009DC6FA /* LayoutView.swift in Sources */,
				B8C797F02CD5715800A4830B /* StackView.swift in Sources */,
				B89FF66F2CD28DBD002DA9FB /* IdentifiableView.swift in Sources */,
				B8D6AD202CAEA4C100DF3BE4 /* GradientView.swift in Sources */,
				B8AC9E0D2CD67C700056D626 /* PickerView.swift in Sources */,
				B886A8392CBB22CD00976F3A /* StepperView.swift in Sources */,
				B87BBC902CB1E00B008EEA0E /* PurchaseStateView.swift in Sources */,
				B80264FB2CBD6CF8005E9B42 /* ButtonView.swift in Sources */,
				B8F7CC4E2CCD97FD000DC625 /* GroupboxView.swift in Sources */,
				B86888742CB5299900A368D7 /* LoggedInView.swift in Sources */,
				B86E2B7F2CC705A700838A29 /* TextfieldView.swift in Sources */,
				B86A5B122CAD42D700822A7A /* UsingColorsView.swift in Sources */,
				B807140B2CBFB28200EA6CA7 /* ButtonComponents.swift in Sources */,
				B8AC97092CB2FEF300D8EE59 /* PurchaseViewModel.swift in Sources */,
				B8FCFD162CD3E8E2005AE70A /* ScrollviewView.swift in Sources */,
				B857DB8E2CB4328200A4046F /* LoginStatusView.swift in Sources */,
				B8F7CC4C2CCD900E000DC625 /* TextView.swift in Sources */,
				B85576482CAFF1AB009DC6FA /* BorderView.swift in Sources */,
				B8C30FEF2CBADA9F000F2064 /* SpacerView.swift in Sources */,
				B86BB90C2CB7DA1400EE06AC /* DividerView.swift in Sources */,
				B857DB8A2CB428AA00A4046F /* PurchaseStatusView.swift in Sources */,
				B88E200F2CDE843200D11184 /* TransitionTemplateView.swift in Sources */,
				B8E2D25C2CB9B19A00342AD5 /* ToggleView.swift in Sources */,
				B8E920FD2CC2DB9C00EFBA56 /* NotificationModel.swift in Sources */,
				B84E09E42CAC05AB00D159CF /* Symbolview.swift in Sources */,
				B843097C2CC428EB00FF6C6F /* DateView.swift in Sources */,
				B87BBC8C2CB1B3FC008EEA0E /* PeopleViewModel.swift in Sources */,
				B89CD7D72CCFF27B002FA2DA /* BgOverlayView.swift in Sources */,
				B8C30FED2CBA8DD6000F2064 /* ToggleStyles.swift in Sources */,
				B86BB9102CB7FDEA00EE06AC /* LinkView.swift in Sources */,
				B80246EC2CB84C5E00176E37 /* LabelStyles.swift in Sources */,
				B8A17A102CDBC3EC00A942BF /* AnimatingGridsView.swift in Sources */,
				B84E09BA2CABF1D700D159CF /* NewTestProjectApp.swift in Sources */,
				B8A38BB22CCBDC31006A9452 /* SliderView.swift in Sources */,
				B88E20112CDE87D500D11184 /* TransitionView.swift in Sources */,
				B8E2D2572CB92B5500342AD5 /* ProgressLoaderView.swift in Sources */,
				B86BB90E2CB7F14600EE06AC /* ColorPickerView.swift in Sources */,
				B857DB8C2CB4307D00A4046F /* LoginViewModel.swift in Sources */,
				B85576462CAFE75D009DC6FA /* ShapeView.swift in Sources */,
				B86888762CB538A900A368D7 /* LoggedInViewModel.swift in Sources */,
				B80246EA2CB83AB700176E37 /* LabelView.swift in Sources */,
			);
			runOnlyForDeploymentPostprocessing = 0;
		};
		B84E09C22CABF1DC00D159CF /* Sources */ = {
			isa = PBXSourcesBuildPhase;
			buildActionMask = 2147483647;
			files = (
				B84E09CB2CABF1DC00D159CF /* NewTestProjectTests.swift in Sources */,
			);
			runOnlyForDeploymentPostprocessing = 0;
		};
		B84E09CC2CABF1DC00D159CF /* Sources */ = {
			isa = PBXSourcesBuildPhase;
			buildActionMask = 2147483647;
			files = (
				B84E09D52CABF1DC00D159CF /* NewTestProjectUITests.swift in Sources */,
				B84E09D72CABF1DC00D159CF /* NewTestProjectUITestsLaunchTests.swift in Sources */,
			);
			runOnlyForDeploymentPostprocessing = 0;
		};
/* End PBXSourcesBuildPhase section */

/* Begin PBXTargetDependency section */
		B84E09C82CABF1DC00D159CF /* PBXTargetDependency */ = {
			isa = PBXTargetDependency;
			target = B84E09B52CABF1D700D159CF /* NewTestProject */;
			targetProxy = B84E09C72CABF1DC00D159CF /* PBXContainerItemProxy */;
		};
		B84E09D22CABF1DC00D159CF /* PBXTargetDependency */ = {
			isa = PBXTargetDependency;
			target = B84E09B52CABF1D700D159CF /* NewTestProject */;
			targetProxy = B84E09D12CABF1DC00D159CF /* PBXContainerItemProxy */;
		};
/* End PBXTargetDependency section */

/* Begin XCBuildConfiguration section */
		B84E09D82CABF1DC00D159CF /* Debug */ = {
			isa = XCBuildConfiguration;
			buildSettings = {
				ALWAYS_SEARCH_USER_PATHS = NO;
				ASSETCATALOG_COMPILER_GENERATE_SWIFT_ASSET_SYMBOL_EXTENSIONS = YES;
				CLANG_ANALYZER_NONNULL = YES;
				CLANG_ANALYZER_NUMBER_OBJECT_CONVERSION = YES_AGGRESSIVE;
				CLANG_CXX_LANGUAGE_STANDARD = "gnu++20";
				CLANG_ENABLE_MODULES = YES;
				CLANG_ENABLE_OBJC_ARC = YES;
				CLANG_ENABLE_OBJC_WEAK = YES;
				CLANG_WARN_BLOCK_CAPTURE_AUTORELEASING = YES;
				CLANG_WARN_BOOL_CONVERSION = YES;
				CLANG_WARN_COMMA = YES;
				CLANG_WARN_CONSTANT_CONVERSION = YES;
				CLANG_WARN_DEPRECATED_OBJC_IMPLEMENTATIONS = YES;
				CLANG_WARN_DIRECT_OBJC_ISA_USAGE = YES_ERROR;
				CLANG_WARN_DOCUMENTATION_COMMENTS = YES;
				CLANG_WARN_EMPTY_BODY = YES;
				CLANG_WARN_ENUM_CONVERSION = YES;
				CLANG_WARN_INFINITE_RECURSION = YES;
				CLANG_WARN_INT_CONVERSION = YES;
				CLANG_WARN_NON_LITERAL_NULL_CONVERSION = YES;
				CLANG_WARN_OBJC_IMPLICIT_RETAIN_SELF = YES;
				CLANG_WARN_OBJC_LITERAL_CONVERSION = YES;
				CLANG_WARN_OBJC_ROOT_CLASS = YES_ERROR;
				CLANG_WARN_QUOTED_INCLUDE_IN_FRAMEWORK_HEADER = YES;
				CLANG_WARN_RANGE_LOOP_ANALYSIS = YES;
				CLANG_WARN_STRICT_PROTOTYPES = YES;
				CLANG_WARN_SUSPICIOUS_MOVE = YES;
				CLANG_WARN_UNGUARDED_AVAILABILITY = YES_AGGRESSIVE;
				CLANG_WARN_UNREACHABLE_CODE = YES;
				CLANG_WARN__DUPLICATE_METHOD_MATCH = YES;
				COPY_PHASE_STRIP = NO;
				DEBUG_INFORMATION_FORMAT = dwarf;
				ENABLE_STRICT_OBJC_MSGSEND = YES;
				ENABLE_TESTABILITY = YES;
				ENABLE_USER_SCRIPT_SANDBOXING = YES;
				GCC_C_LANGUAGE_STANDARD = gnu17;
				GCC_DYNAMIC_NO_PIC = NO;
				GCC_NO_COMMON_BLOCKS = YES;
				GCC_OPTIMIZATION_LEVEL = 0;
				GCC_PREPROCESSOR_DEFINITIONS = (
					"DEBUG=1",
					"$(inherited)",
				);
				GCC_WARN_64_TO_32_BIT_CONVERSION = YES;
				GCC_WARN_ABOUT_RETURN_TYPE = YES_ERROR;
				GCC_WARN_UNDECLARED_SELECTOR = YES;
				GCC_WARN_UNINITIALIZED_AUTOS = YES_AGGRESSIVE;
				GCC_WARN_UNUSED_FUNCTION = YES;
				GCC_WARN_UNUSED_VARIABLE = YES;
				IPHONEOS_DEPLOYMENT_TARGET = 17.2;
				LOCALIZATION_PREFERS_STRING_CATALOGS = YES;
				MTL_ENABLE_DEBUG_INFO = INCLUDE_SOURCE;
				MTL_FAST_MATH = YES;
				ONLY_ACTIVE_ARCH = YES;
				SDKROOT = iphoneos;
				SWIFT_ACTIVE_COMPILATION_CONDITIONS = "DEBUG $(inherited)";
				SWIFT_OPTIMIZATION_LEVEL = "-Onone";
			};
			name = Debug;
		};
		B84E09D92CABF1DC00D159CF /* Release */ = {
			isa = XCBuildConfiguration;
			buildSettings = {
				ALWAYS_SEARCH_USER_PATHS = NO;
				ASSETCATALOG_COMPILER_GENERATE_SWIFT_ASSET_SYMBOL_EXTENSIONS = YES;
				CLANG_ANALYZER_NONNULL = YES;
				CLANG_ANALYZER_NUMBER_OBJECT_CONVERSION = YES_AGGRESSIVE;
				CLANG_CXX_LANGUAGE_STANDARD = "gnu++20";
				CLANG_ENABLE_MODULES = YES;
				CLANG_ENABLE_OBJC_ARC = YES;
				CLANG_ENABLE_OBJC_WEAK = YES;
				CLANG_WARN_BLOCK_CAPTURE_AUTORELEASING = YES;
				CLANG_WARN_BOOL_CONVERSION = YES;
				CLANG_WARN_COMMA = YES;
				CLANG_WARN_CONSTANT_CONVERSION = YES;
				CLANG_WARN_DEPRECATED_OBJC_IMPLEMENTATIONS = YES;
				CLANG_WARN_DIRECT_OBJC_ISA_USAGE = YES_ERROR;
				CLANG_WARN_DOCUMENTATION_COMMENTS = YES;
				CLANG_WARN_EMPTY_BODY = YES;
				CLANG_WARN_ENUM_CONVERSION = YES;
				CLANG_WARN_INFINITE_RECURSION = YES;
				CLANG_WARN_INT_CONVERSION = YES;
				CLANG_WARN_NON_LITERAL_NULL_CONVERSION = YES;
				CLANG_WARN_OBJC_IMPLICIT_RETAIN_SELF = YES;
				CLANG_WARN_OBJC_LITERAL_CONVERSION = YES;
				CLANG_WARN_OBJC_ROOT_CLASS = YES_ERROR;
				CLANG_WARN_QUOTED_INCLUDE_IN_FRAMEWORK_HEADER = YES;
				CLANG_WARN_RANGE_LOOP_ANALYSIS = YES;
				CLANG_WARN_STRICT_PROTOTYPES = YES;
				CLANG_WARN_SUSPICIOUS_MOVE = YES;
				CLANG_WARN_UNGUARDED_AVAILABILITY = YES_AGGRESSIVE;
				CLANG_WARN_UNREACHABLE_CODE = YES;
				CLANG_WARN__DUPLICATE_METHOD_MATCH = YES;
				COPY_PHASE_STRIP = NO;
				DEBUG_INFORMATION_FORMAT = "dwarf-with-dsym";
				ENABLE_NS_ASSERTIONS = NO;
				ENABLE_STRICT_OBJC_MSGSEND = YES;
				ENABLE_USER_SCRIPT_SANDBOXING = YES;
				GCC_C_LANGUAGE_STANDARD = gnu17;
				GCC_NO_COMMON_BLOCKS = YES;
				GCC_WARN_64_TO_32_BIT_CONVERSION = YES;
				GCC_WARN_ABOUT_RETURN_TYPE = YES_ERROR;
				GCC_WARN_UNDECLARED_SELECTOR = YES;
				GCC_WARN_UNINITIALIZED_AUTOS = YES_AGGRESSIVE;
				GCC_WARN_UNUSED_FUNCTION = YES;
				GCC_WARN_UNUSED_VARIABLE = YES;
				IPHONEOS_DEPLOYMENT_TARGET = 17.2;
				LOCALIZATION_PREFERS_STRING_CATALOGS = YES;
				MTL_ENABLE_DEBUG_INFO = NO;
				MTL_FAST_MATH = YES;
				SDKROOT = iphoneos;
				SWIFT_COMPILATION_MODE = wholemodule;
				VALIDATE_PRODUCT = YES;
			};
			name = Release;
		};
		B84E09DB2CABF1DC00D159CF /* Debug */ = {
			isa = XCBuildConfiguration;
			buildSettings = {
				ASSETCATALOG_COMPILER_APPICON_NAME = AppIcon;
				ASSETCATALOG_COMPILER_GLOBAL_ACCENT_COLOR_NAME = AccentColor;
				CODE_SIGN_STYLE = Automatic;
				CURRENT_PROJECT_VERSION = 1;
				DEVELOPMENT_ASSET_PATHS = "\"NewTestProject/Preview Content\"";
				ENABLE_PREVIEWS = YES;
				GENERATE_INFOPLIST_FILE = YES;
				INFOPLIST_KEY_UIApplicationSceneManifest_Generation = YES;
				INFOPLIST_KEY_UIApplicationSupportsIndirectInputEvents = YES;
				INFOPLIST_KEY_UILaunchScreen_Generation = YES;
				INFOPLIST_KEY_UISupportedInterfaceOrientations_iPad = "UIInterfaceOrientationPortrait UIInterfaceOrientationPortraitUpsideDown UIInterfaceOrientationLandscapeLeft UIInterfaceOrientationLandscapeRight";
				INFOPLIST_KEY_UISupportedInterfaceOrientations_iPhone = "UIInterfaceOrientationPortrait UIInterfaceOrientationLandscapeLeft UIInterfaceOrientationLandscapeRight";
				LD_RUNPATH_SEARCH_PATHS = (
					"$(inherited)",
					"@executable_path/Frameworks",
				);
				MARKETING_VERSION = 1.0;
				PRODUCT_BUNDLE_IDENTIFIER = Gdwn.NewTestProject;
				PRODUCT_NAME = "$(TARGET_NAME)";
				SWIFT_EMIT_LOC_STRINGS = YES;
				SWIFT_VERSION = 5.0;
				TARGETED_DEVICE_FAMILY = "1,2";
			};
			name = Debug;
		};
		B84E09DC2CABF1DC00D159CF /* Release */ = {
			isa = XCBuildConfiguration;
			buildSettings = {
				ASSETCATALOG_COMPILER_APPICON_NAME = AppIcon;
				ASSETCATALOG_COMPILER_GLOBAL_ACCENT_COLOR_NAME = AccentColor;
				CODE_SIGN_STYLE = Automatic;
				CURRENT_PROJECT_VERSION = 1;
				DEVELOPMENT_ASSET_PATHS = "\"NewTestProject/Preview Content\"";
				ENABLE_PREVIEWS = YES;
				GENERATE_INFOPLIST_FILE = YES;
				INFOPLIST_KEY_UIApplicationSceneManifest_Generation = YES;
				INFOPLIST_KEY_UIApplicationSupportsIndirectInputEvents = YES;
				INFOPLIST_KEY_UILaunchScreen_Generation = YES;
				INFOPLIST_KEY_UISupportedInterfaceOrientations_iPad = "UIInterfaceOrientationPortrait UIInterfaceOrientationPortraitUpsideDown UIInterfaceOrientationLandscapeLeft UIInterfaceOrientationLandscapeRight";
				INFOPLIST_KEY_UISupportedInterfaceOrientations_iPhone = "UIInterfaceOrientationPortrait UIInterfaceOrientationLandscapeLeft UIInterfaceOrientationLandscapeRight";
				LD_RUNPATH_SEARCH_PATHS = (
					"$(inherited)",
					"@executable_path/Frameworks",
				);
				MARKETING_VERSION = 1.0;
				PRODUCT_BUNDLE_IDENTIFIER = Gdwn.NewTestProject;
				PRODUCT_NAME = "$(TARGET_NAME)";
				SWIFT_EMIT_LOC_STRINGS = YES;
				SWIFT_VERSION = 5.0;
				TARGETED_DEVICE_FAMILY = "1,2";
			};
			name = Release;
		};
		B84E09DE2CABF1DC00D159CF /* Debug */ = {
			isa = XCBuildConfiguration;
			buildSettings = {
				ALWAYS_EMBED_SWIFT_STANDARD_LIBRARIES = YES;
				BUNDLE_LOADER = "$(TEST_HOST)";
				CODE_SIGN_STYLE = Automatic;
				CURRENT_PROJECT_VERSION = 1;
				GENERATE_INFOPLIST_FILE = YES;
				IPHONEOS_DEPLOYMENT_TARGET = 17.2;
				MARKETING_VERSION = 1.0;
				PRODUCT_BUNDLE_IDENTIFIER = Gdwn.NewTestProjectTests;
				PRODUCT_NAME = "$(TARGET_NAME)";
				SWIFT_EMIT_LOC_STRINGS = NO;
				SWIFT_VERSION = 5.0;
				TARGETED_DEVICE_FAMILY = "1,2";
				TEST_HOST = "$(BUILT_PRODUCTS_DIR)/NewTestProject.app/$(BUNDLE_EXECUTABLE_FOLDER_PATH)/NewTestProject";
			};
			name = Debug;
		};
		B84E09DF2CABF1DC00D159CF /* Release */ = {
			isa = XCBuildConfiguration;
			buildSettings = {
				ALWAYS_EMBED_SWIFT_STANDARD_LIBRARIES = YES;
				BUNDLE_LOADER = "$(TEST_HOST)";
				CODE_SIGN_STYLE = Automatic;
				CURRENT_PROJECT_VERSION = 1;
				GENERATE_INFOPLIST_FILE = YES;
				IPHONEOS_DEPLOYMENT_TARGET = 17.2;
				MARKETING_VERSION = 1.0;
				PRODUCT_BUNDLE_IDENTIFIER = Gdwn.NewTestProjectTests;
				PRODUCT_NAME = "$(TARGET_NAME)";
				SWIFT_EMIT_LOC_STRINGS = NO;
				SWIFT_VERSION = 5.0;
				TARGETED_DEVICE_FAMILY = "1,2";
				TEST_HOST = "$(BUILT_PRODUCTS_DIR)/NewTestProject.app/$(BUNDLE_EXECUTABLE_FOLDER_PATH)/NewTestProject";
			};
			name = Release;
		};
		B84E09E12CABF1DC00D159CF /* Debug */ = {
			isa = XCBuildConfiguration;
			buildSettings = {
				ALWAYS_EMBED_SWIFT_STANDARD_LIBRARIES = YES;
				CODE_SIGN_STYLE = Automatic;
				CURRENT_PROJECT_VERSION = 1;
				GENERATE_INFOPLIST_FILE = YES;
				MARKETING_VERSION = 1.0;
				PRODUCT_BUNDLE_IDENTIFIER = Gdwn.NewTestProjectUITests;
				PRODUCT_NAME = "$(TARGET_NAME)";
				SWIFT_EMIT_LOC_STRINGS = NO;
				SWIFT_VERSION = 5.0;
				TARGETED_DEVICE_FAMILY = "1,2";
				TEST_TARGET_NAME = NewTestProject;
			};
			name = Debug;
		};
		B84E09E22CABF1DC00D159CF /* Release */ = {
			isa = XCBuildConfiguration;
			buildSettings = {
				ALWAYS_EMBED_SWIFT_STANDARD_LIBRARIES = YES;
				CODE_SIGN_STYLE = Automatic;
				CURRENT_PROJECT_VERSION = 1;
				GENERATE_INFOPLIST_FILE = YES;
				MARKETING_VERSION = 1.0;
				PRODUCT_BUNDLE_IDENTIFIER = Gdwn.NewTestProjectUITests;
				PRODUCT_NAME = "$(TARGET_NAME)";
				SWIFT_EMIT_LOC_STRINGS = NO;
				SWIFT_VERSION = 5.0;
				TARGETED_DEVICE_FAMILY = "1,2";
				TEST_TARGET_NAME = NewTestProject;
			};
			name = Release;
		};
/* End XCBuildConfiguration section */

/* Begin XCConfigurationList section */
		B84E09B12CABF1D700D159CF /* Build configuration list for PBXProject "NewTestProject" */ = {
			isa = XCConfigurationList;
			buildConfigurations = (
				B84E09D82CABF1DC00D159CF /* Debug */,
				B84E09D92CABF1DC00D159CF /* Release */,
			);
			defaultConfigurationIsVisible = 0;
			defaultConfigurationName = Release;
		};
		B84E09DA2CABF1DC00D159CF /* Build configuration list for PBXNativeTarget "NewTestProject" */ = {
			isa = XCConfigurationList;
			buildConfigurations = (
				B84E09DB2CABF1DC00D159CF /* Debug */,
				B84E09DC2CABF1DC00D159CF /* Release */,
			);
			defaultConfigurationIsVisible = 0;
			defaultConfigurationName = Release;
		};
		B84E09DD2CABF1DC00D159CF /* Build configuration list for PBXNativeTarget "NewTestProjectTests" */ = {
			isa = XCConfigurationList;
			buildConfigurations = (
				B84E09DE2CABF1DC00D159CF /* Debug */,
				B84E09DF2CABF1DC00D159CF /* Release */,
			);
			defaultConfigurationIsVisible = 0;
			defaultConfigurationName = Release;
		};
		B84E09E02CABF1DC00D159CF /* Build configuration list for PBXNativeTarget "NewTestProjectUITests" */ = {
			isa = XCConfigurationList;
			buildConfigurations = (
				B84E09E12CABF1DC00D159CF /* Debug */,
				B84E09E22CABF1DC00D159CF /* Release */,
			);
			defaultConfigurationIsVisible = 0;
			defaultConfigurationName = Release;
		};
/* End XCConfigurationList section */
	};
	rootObject = B84E09AE2CABF1D700D159CF /* Project object */;
}
